
Microsoft Visual Studio Solution File, Format Version 12.00
# Visual Studio Version 16
VisualStudioVersion = 16.0.31829.152
MinimumVisualStudioVersion = 10.0.40219.1
Project("{FAE04EC0-301F-11D3-BF4B-00C04F79EFBC}") = "penilaian week 4", "penilaian week 4\penilaian week 4.csproj", "{4E3935B7-CD3B-446B-8CA7-63A17199510F}"
EndProject
Global
	GlobalSection(SolutionConfigurationPlatforms) = preSolution
		Debug|Any CPU = Debug|Any CPU
		Release|Any CPU = Release|Any CPU
	EndGlobalSection
	GlobalSection(ProjectConfigurationPlatforms) = postSolution
		{4E3935B7-CD3B-446B-8CA7-63A17199510F}.Debug|Any CPU.ActiveCfg = Debug|Any CPU
		{4E3935B7-CD3B-446B-8CA7-63A17199510F}.Debug|Any CPU.Build.0 = Debug|Any CPU
		{4E3935B7-CD3B-446B-8CA7-63A17199510F}.Release|Any CPU.ActiveCfg = Release|Any CPU
		{4E3935B7-CD3B-446B-8CA7-63A17199510F}.Release|Any CPU.Build.0 = Release|Any CPU
	EndGlobalSection
	GlobalSection(SolutionProperties) = preSolution
		HideSolutionNode = FALSE
	EndGlobalSection
	GlobalSection(ExtensibilityGlobals) = postSolution
		SolutionGuid = {61ECC826-7C91-4C78-B48E-A4E80C91106F}
	EndGlobalSection
EndGlobal
